
Microsoft Visual Studio Solution File, Format Version 12.00
# Visual Studio Version 16
VisualStudioVersion = 16.0.29613.14
MinimumVisualStudioVersion = 10.0.40219.1
Project("{FAE04EC0-301F-11D3-BF4B-00C04F79EFBC}") = "TicTacToeGame", "TicTacToeGame\TicTacToeGame.csproj", "{81F14087-F53D-4E34-88CD-6229DDCC1EF3}"
EndProject
Global
	GlobalSection(SolutionConfigurationPlatforms) = preSolution
		Debug|Any CPU = Debug|Any CPU
		Release|Any CPU = Release|Any CPU
	EndGlobalSection
	GlobalSection(ProjectConfigurationPlatforms) = postSolution
		{81F14087-F53D-4E34-88CD-6229DDCC1EF3}.Debug|Any CPU.ActiveCfg = Debug|Any CPU
		{81F14087-F53D-4E34-88CD-6229DDCC1EF3}.Debug|Any CPU.Build.0 = Debug|Any CPU
		{81F14087-F53D-4E34-88CD-6229DDCC1EF3}.Release|Any CPU.ActiveCfg = Release|Any CPU
		{81F14087-F53D-4E34-88CD-6229DDCC1EF3}.Release|Any CPU.Build.0 = Release|Any CPU
	EndGlobalSection
	GlobalSection(SolutionProperties) = preSolution
		HideSolutionNode = FALSE
	EndGlobalSection
	GlobalSection(ExtensibilityGlobals) = postSolution
		SolutionGuid = {E638A758-980B-4700-90F6-9D26867301B8}
	EndGlobalSection
EndGlobal
